
Microsoft Visual Studio Solution File, Format Version 12.00
# Visual Studio Version 17
VisualStudioVersion = 17.5.33627.172
MinimumVisualStudioVersion = 10.0.40219.1
Project("{FAE04EC0-301F-11D3-BF4B-00C04F79EFBC}") = "DialogApp.Android", "DialogApp.Android\DialogApp.Android.csproj", "{B55E6E32-074D-4055-AFC4-C1068D5B7002}"
EndProject
Project("{FAE04EC0-301F-11D3-BF4B-00C04F79EFBC}") = "DialogApp.iOS", "DialogApp.iOS\DialogApp.iOS.csproj", "{329D63D8-EC65-4ADE-BBA7-ECC8DCA810F4}"
EndProject
Project("{FAE04EC0-301F-11D3-BF4B-00C04F79EFBC}") = "DialogApp", "DialogApp\DialogApp.csproj", "{41DFEEB1-BEE2-47C9-AF4D-255AD1BCE9B9}"
EndProject
Global
	GlobalSection(SolutionConfigurationPlatforms) = preSolution
		Debug|Any CPU = Debug|Any CPU
		Debug|iPhone = Debug|iPhone
		Debug|iPhoneSimulator = Debug|iPhoneSimulator
		Release|Any CPU = Release|Any CPU
		Release|iPhone = Release|iPhone
		Release|iPhoneSimulator = Release|iPhoneSimulator
	EndGlobalSection
	GlobalSection(ProjectConfigurationPlatforms) = postSolution
		{B55E6E32-074D-4055-AFC4-C1068D5B7002}.Debug|Any CPU.ActiveCfg = Debug|Any CPU
		{B55E6E32-074D-4055-AFC4-C1068D5B7002}.Debug|Any CPU.Build.0 = Debug|Any CPU
		{B55E6E32-074D-4055-AFC4-C1068D5B7002}.Debug|Any CPU.Deploy.0 = Debug|Any CPU
		{B55E6E32-074D-4055-AFC4-C1068D5B7002}.Debug|iPhone.ActiveCfg = Debug|Any CPU
		{B55E6E32-074D-4055-AFC4-C1068D5B7002}.Debug|iPhone.Build.0 = Debug|Any CPU
		{B55E6E32-074D-4055-AFC4-C1068D5B7002}.Debug|iPhone.Deploy.0 = Debug|Any CPU
		{B55E6E32-074D-4055-AFC4-C1068D5B7002}.Debug|iPhoneSimulator.ActiveCfg = Debug|Any CPU
		{B55E6E32-074D-4055-AFC4-C1068D5B7002}.Debug|iPhoneSimulator.Build.0 = Debug|Any CPU
		{B55E6E32-074D-4055-AFC4-C1068D5B7002}.Debug|iPhoneSimulator.Deploy.0 = Debug|Any CPU
		{B55E6E32-074D-4055-AFC4-C1068D5B7002}.Release|Any CPU.ActiveCfg = Release|Any CPU
		{B55E6E32-074D-4055-AFC4-C1068D5B7002}.Release|Any CPU.Build.0 = Release|Any CPU
		{B55E6E32-074D-4055-AFC4-C1068D5B7002}.Release|Any CPU.Deploy.0 = Release|Any CPU
		{B55E6E32-074D-4055-AFC4-C1068D5B7002}.Release|iPhone.ActiveCfg = Release|Any CPU
		{B55E6E32-074D-4055-AFC4-C1068D5B7002}.Release|iPhone.Build.0 = Release|Any CPU
		{B55E6E32-074D-4055-AFC4-C1068D5B7002}.Release|iPhone.Deploy.0 = Release|Any CPU
		{B55E6E32-074D-4055-AFC4-C1068D5B7002}.Release|iPhoneSimulator.ActiveCfg = Release|Any CPU
		{B55E6E32-074D-4055-AFC4-C1068D5B7002}.Release|iPhoneSimulator.Build.0 = Release|Any CPU
		{B55E6E32-074D-4055-AFC4-C1068D5B7002}.Release|iPhoneSimulator.Deploy.0 = Release|Any CPU
		{329D63D8-EC65-4ADE-BBA7-ECC8DCA810F4}.Debug|Any CPU.ActiveCfg = Debug|iPhone
		{329D63D8-EC65-4ADE-BBA7-ECC8DCA810F4}.Debug|Any CPU.Build.0 = Debug|iPhone
		{329D63D8-EC65-4ADE-BBA7-ECC8DCA810F4}.Debug|Any CPU.Deploy.0 = Debug|iPhone
		{329D63D8-EC65-4ADE-BBA7-ECC8DCA810F4}.Debug|iPhone.ActiveCfg = Debug|iPhone
		{329D63D8-EC65-4ADE-BBA7-ECC8DCA810F4}.Debug|iPhone.Build.0 = Debug|iPhone
		{329D63D8-EC65-4ADE-BBA7-ECC8DCA810F4}.Debug|iPhone.Deploy.0 = Debug|iPhone
		{329D63D8-EC65-4ADE-BBA7-ECC8DCA810F4}.Debug|iPhoneSimulator.ActiveCfg = Debug|iPhoneSimulator
		{329D63D8-EC65-4ADE-BBA7-ECC8DCA810F4}.Debug|iPhoneSimulator.Build.0 = Debug|iPhoneSimulator
		{329D63D8-EC65-4ADE-BBA7-ECC8DCA810F4}.Debug|iPhoneSimulator.Deploy.0 = Debug|iPhoneSimulator
		{329D63D8-EC65-4ADE-BBA7-ECC8DCA810F4}.Release|Any CPU.ActiveCfg = Release|iPhoneSimulator
		{329D63D8-EC65-4ADE-BBA7-ECC8DCA810F4}.Release|Any CPU.Build.0 = Release|iPhoneSimulator
		{329D63D8-EC65-4ADE-BBA7-ECC8DCA810F4}.Release|Any CPU.Deploy.0 = Release|iPhoneSimulator
		{329D63D8-EC65-4ADE-BBA7-ECC8DCA810F4}.Release|iPhone.ActiveCfg = Release|iPhone
		{329D63D8-EC65-4ADE-BBA7-ECC8DCA810F4}.Release|iPhone.Build.0 = Release|iPhone
		{329D63D8-EC65-4ADE-BBA7-ECC8DCA810F4}.Release|iPhone.Deploy.0 = Release|iPhone
		{329D63D8-EC65-4ADE-BBA7-ECC8DCA810F4}.Release|iPhoneSimulator.ActiveCfg = Release|iPhoneSimulator
		{329D63D8-EC65-4ADE-BBA7-ECC8DCA810F4}.Release|iPhoneSimulator.Build.0 = Release|iPhoneSimulator
		{329D63D8-EC65-4ADE-BBA7-ECC8DCA810F4}.Release|iPhoneSimulator.Deploy.0 = Release|iPhoneSimulator
		{41DFEEB1-BEE2-47C9-AF4D-255AD1BCE9B9}.Debug|Any CPU.ActiveCfg = Debug|Any CPU
		{41DFEEB1-BEE2-47C9-AF4D-255AD1BCE9B9}.Debug|Any CPU.Build.0 = Debug|Any CPU
		{41DFEEB1-BEE2-47C9-AF4D-255AD1BCE9B9}.Debug|Any CPU.Deploy.0 = Debug|Any CPU
		{41DFEEB1-BEE2-47C9-AF4D-255AD1BCE9B9}.Debug|iPhone.ActiveCfg = Debug|Any CPU
		{41DFEEB1-BEE2-47C9-AF4D-255AD1BCE9B9}.Debug|iPhone.Build.0 = Debug|Any CPU
		{41DFEEB1-BEE2-47C9-AF4D-255AD1BCE9B9}.Debug|iPhone.Deploy.0 = Debug|Any CPU
		{41DFEEB1-BEE2-47C9-AF4D-255AD1BCE9B9}.Debug|iPhoneSimulator.ActiveCfg = Debug|Any CPU
		{41DFEEB1-BEE2-47C9-AF4D-255AD1BCE9B9}.Debug|iPhoneSimulator.Build.0 = Debug|Any CPU
		{41DFEEB1-BEE2-47C9-AF4D-255AD1BCE9B9}.Debug|iPhoneSimulator.Deploy.0 = Debug|Any CPU
		{41DFEEB1-BEE2-47C9-AF4D-255AD1BCE9B9}.Release|Any CPU.ActiveCfg = Release|Any CPU
		{41DFEEB1-BEE2-47C9-AF4D-255AD1BCE9B9}.Release|Any CPU.Build.0 = Release|Any CPU
		{41DFEEB1-BEE2-47C9-AF4D-255AD1BCE9B9}.Release|Any CPU.Deploy.0 = Release|Any CPU
		{41DFEEB1-BEE2-47C9-AF4D-255AD1BCE9B9}.Release|iPhone.ActiveCfg = Release|Any CPU
		{41DFEEB1-BEE2-47C9-AF4D-255AD1BCE9B9}.Release|iPhone.Build.0 = Release|Any CPU
		{41DFEEB1-BEE2-47C9-AF4D-255AD1BCE9B9}.Release|iPhone.Deploy.0 = Release|Any CPU
		{41DFEEB1-BEE2-47C9-AF4D-255AD1BCE9B9}.Release|iPhoneSimulator.ActiveCfg = Release|Any CPU
		{41DFEEB1-BEE2-47C9-AF4D-255AD1BCE9B9}.Release|iPhoneSimulator.Build.0 = Release|Any CPU
		{41DFEEB1-BEE2-47C9-AF4D-255AD1BCE9B9}.Release|iPhoneSimulator.Deploy.0 = Release|Any CPU
	EndGlobalSection
	GlobalSection(SolutionProperties) = preSolution
		HideSolutionNode = FALSE
	EndGlobalSection
	GlobalSection(ExtensibilityGlobals) = postSolution
		SolutionGuid = {26E13A2F-738B-462D-B57A-AE44F527809B}
	EndGlobalSection
EndGlobal
